
Microsoft Visual Studio Solution File, Format Version 12.00
# Visual Studio Version 17
VisualStudioVersion = 17.0.31410.414
MinimumVisualStudioVersion = 10.0.40219.1
Project("{FAE04EC0-301F-11D3-BF4B-00C04F79EFBC}") = "SimpleMathExpressionsParser", "SimpleMathExpressionsParser\SimpleMathExpressionsParser.csproj", "{9F5CBBC4-A978-4CBB-B7F1-98C4F8CE612C}"
EndProject
Global
	GlobalSection(SolutionConfigurationPlatforms) = preSolution
		Debug|Any CPU = Debug|Any CPU
		Release|Any CPU = Release|Any CPU
	EndGlobalSection
	GlobalSection(ProjectConfigurationPlatforms) = postSolution
		{9F5CBBC4-A978-4CBB-B7F1-98C4F8CE612C}.Debug|Any CPU.ActiveCfg = Debug|Any CPU
		{9F5CBBC4-A978-4CBB-B7F1-98C4F8CE612C}.Debug|Any CPU.Build.0 = Debug|Any CPU
		{9F5CBBC4-A978-4CBB-B7F1-98C4F8CE612C}.Release|Any CPU.ActiveCfg = Release|Any CPU
		{9F5CBBC4-A978-4CBB-B7F1-98C4F8CE612C}.Release|Any CPU.Build.0 = Release|Any CPU
	EndGlobalSection
	GlobalSection(SolutionProperties) = preSolution
		HideSolutionNode = FALSE
	EndGlobalSection
	GlobalSection(ExtensibilityGlobals) = postSolution
		SolutionGuid = {23596A89-D2A7-4747-BEE0-4886F53836F1}
	EndGlobalSection
EndGlobal
